
Microsoft Visual Studio Solution File, Format Version 12.00
# Visual Studio Version 17
VisualStudioVersion = 17.8.34330.188
MinimumVisualStudioVersion = 10.0.40219.1
Project("{2150E333-8FDC-42A3-9474-1A3956D46DE8}") = "Src", "Src", "{3D2FDA51-BE2F-4B85-8021-A53C98A843BA}"
EndProject
Project("{2150E333-8FDC-42A3-9474-1A3956D46DE8}") = "01-Domain", "01-Domain", "{5163DD85-27BB-4D8C-BEF3-D18B7A911A1D}"
EndProject
Project("{2150E333-8FDC-42A3-9474-1A3956D46DE8}") = "02-Infrastructures", "02-Infrastructures", "{6BB3DDCA-C215-44A6-9F70-A45D15C79A8A}"
EndProject
Project("{2150E333-8FDC-42A3-9474-1A3956D46DE8}") = "03-EndPoint", "03-EndPoint", "{F0E585F8-BC52-4912-BCBF-FFD14E9F7DB0}"
EndProject
Project("{2150E333-8FDC-42A3-9474-1A3956D46DE8}") = "Core", "Core", "{0DAB3FF4-971D-48B0-9104-539A57FED56B}"
EndProject
Project("{2150E333-8FDC-42A3-9474-1A3956D46DE8}") = "Services", "Services", "{4C73741C-CC7D-4B1D-B4C6-C1EDCD68D0FF}"
EndProject
Project("{FAE04EC0-301F-11D3-BF4B-00C04F79EFBC}") = "App.Domain.Core", "App.Domain.Core\App.Domain.Core.csproj", "{7279026E-E983-429C-9CB7-A1B8BA815B60}"
EndProject
Project("{2150E333-8FDC-42A3-9474-1A3956D46DE8}") = "DataAccess", "DataAccess", "{E90A8CB0-6992-49F3-B4A3-1A6A00A82B39}"
EndProject
Project("{2150E333-8FDC-42A3-9474-1A3956D46DE8}") = "Db", "Db", "{CC8B7A8D-B0A3-4223-80B8-B7810131A464}"
EndProject
Project("{FAE04EC0-301F-11D3-BF4B-00C04F79EFBC}") = "App.Infra.Data.Db.SqlServer.Ef", "App.Infra.Data.Db.SqlServer.Ef\App.Infra.Data.Db.SqlServer.Ef.csproj", "{1B1883DD-95F9-4BF3-99C6-6B99BC147105}"
EndProject
Global
	GlobalSection(SolutionConfigurationPlatforms) = preSolution
		Debug|Any CPU = Debug|Any CPU
		Release|Any CPU = Release|Any CPU
	EndGlobalSection
	GlobalSection(ProjectConfigurationPlatforms) = postSolution
		{7279026E-E983-429C-9CB7-A1B8BA815B60}.Debug|Any CPU.ActiveCfg = Debug|Any CPU
		{7279026E-E983-429C-9CB7-A1B8BA815B60}.Debug|Any CPU.Build.0 = Debug|Any CPU
		{7279026E-E983-429C-9CB7-A1B8BA815B60}.Release|Any CPU.ActiveCfg = Release|Any CPU
		{7279026E-E983-429C-9CB7-A1B8BA815B60}.Release|Any CPU.Build.0 = Release|Any CPU
		{1B1883DD-95F9-4BF3-99C6-6B99BC147105}.Debug|Any CPU.ActiveCfg = Debug|Any CPU
		{1B1883DD-95F9-4BF3-99C6-6B99BC147105}.Debug|Any CPU.Build.0 = Debug|Any CPU
		{1B1883DD-95F9-4BF3-99C6-6B99BC147105}.Release|Any CPU.ActiveCfg = Release|Any CPU
		{1B1883DD-95F9-4BF3-99C6-6B99BC147105}.Release|Any CPU.Build.0 = Release|Any CPU
	EndGlobalSection
	GlobalSection(SolutionProperties) = preSolution
		HideSolutionNode = FALSE
	EndGlobalSection
	GlobalSection(NestedProjects) = preSolution
		{5163DD85-27BB-4D8C-BEF3-D18B7A911A1D} = {3D2FDA51-BE2F-4B85-8021-A53C98A843BA}
		{6BB3DDCA-C215-44A6-9F70-A45D15C79A8A} = {3D2FDA51-BE2F-4B85-8021-A53C98A843BA}
		{F0E585F8-BC52-4912-BCBF-FFD14E9F7DB0} = {3D2FDA51-BE2F-4B85-8021-A53C98A843BA}
		{0DAB3FF4-971D-48B0-9104-539A57FED56B} = {5163DD85-27BB-4D8C-BEF3-D18B7A911A1D}
		{4C73741C-CC7D-4B1D-B4C6-C1EDCD68D0FF} = {5163DD85-27BB-4D8C-BEF3-D18B7A911A1D}
		{7279026E-E983-429C-9CB7-A1B8BA815B60} = {0DAB3FF4-971D-48B0-9104-539A57FED56B}
		{E90A8CB0-6992-49F3-B4A3-1A6A00A82B39} = {6BB3DDCA-C215-44A6-9F70-A45D15C79A8A}
		{CC8B7A8D-B0A3-4223-80B8-B7810131A464} = {6BB3DDCA-C215-44A6-9F70-A45D15C79A8A}
		{1B1883DD-95F9-4BF3-99C6-6B99BC147105} = {CC8B7A8D-B0A3-4223-80B8-B7810131A464}
	EndGlobalSection
	GlobalSection(ExtensibilityGlobals) = postSolution
		SolutionGuid = {8C0DE131-180B-4974-A7AC-284B4E4BFD5E}
	EndGlobalSection
EndGlobal
